
Microsoft Visual Studio Solution File, Format Version 12.00
# Visual Studio Express 2012 for Web
Project("{FAE04EC0-301F-11D3-BF4B-00C04F79EFBC}") = "MvcDemo", "MvcDemo\MvcDemo.csproj", "{7FDDA018-0C9A-43A4-B4E2-8DBA9E7986CD}"
EndProject
Global
	GlobalSection(SolutionConfigurationPlatforms) = preSolution
		Debug|Any CPU = Debug|Any CPU
		Release|Any CPU = Release|Any CPU
	EndGlobalSection
	GlobalSection(ProjectConfigurationPlatforms) = postSolution
		{7FDDA018-0C9A-43A4-B4E2-8DBA9E7986CD}.Debug|Any CPU.ActiveCfg = Debug|Any CPU
		{7FDDA018-0C9A-43A4-B4E2-8DBA9E7986CD}.Debug|Any CPU.Build.0 = Debug|Any CPU
		{7FDDA018-0C9A-43A4-B4E2-8DBA9E7986CD}.Release|Any CPU.ActiveCfg = Release|Any CPU
		{7FDDA018-0C9A-43A4-B4E2-8DBA9E7986CD}.Release|Any CPU.Build.0 = Release|Any CPU
	EndGlobalSection
	GlobalSection(SolutionProperties) = preSolution
		HideSolutionNode = FALSE
	EndGlobalSection
EndGlobal
